// !$*UTF8*$!
{
	archiveVersion = 1;
	classes = {
	};
	objectVersion = 55;
	objects = {

/* Begin PBXBuildFile section */
		F6E0F96127746AE600CD29B7 /* main.swift in Sources */ = {isa = PBXBuildFile; fileRef = F6E0F96027746AE600CD29B7 /* main.swift */; };
/* End PBXBuildFile section */

/* Begin PBXCopyFilesBuildPhase section */
		F6EAE0752772CD8900D51C56 /* CopyFiles */ = {
			isa = PBXCopyFilesBuildPhase;
			buildActionMask = 2147483647;
			dstPath = /usr/share/man/man1/;
			dstSubfolderSpec = 0;
			files = (
			);
			runOnlyForDeploymentPostprocessing = 1;
		};
/* End PBXCopyFilesBuildPhase section */

/* Begin PBXFileReference section */
		F603C7AE27793EF6007370E3 /* 10773.swift */ = {isa = PBXFileReference; lastKnownFileType = sourcecode.swift; path = 10773.swift; sourceTree = "<group>"; };
		F603C7B027796D2B007370E3 /* 9012.swift */ = {isa = PBXFileReference; lastKnownFileType = sourcecode.swift; path = 9012.swift; sourceTree = "<group>"; };
		F603C7B22779B39D007370E3 /* 1874.swift */ = {isa = PBXFileReference; lastKnownFileType = sourcecode.swift; path = 1874.swift; sourceTree = "<group>"; };
		F603C7B52779BAA1007370E3 /* 18258.swift */ = {isa = PBXFileReference; lastKnownFileType = sourcecode.swift; path = 18258.swift; sourceTree = "<group>"; };
		F605F6F0278589EC0002F6D1 /* 1920.swift */ = {isa = PBXFileReference; lastKnownFileType = sourcecode.swift; path = 1920.swift; sourceTree = "<group>"; };
		F60AD2132780854C000339C1 /* 2750.swift */ = {isa = PBXFileReference; lastKnownFileType = sourcecode.swift; path = 2750.swift; sourceTree = "<group>"; };
		F60AD21527809440000339C1 /* 2108.swift */ = {isa = PBXFileReference; lastKnownFileType = sourcecode.swift; path = 2108.swift; sourceTree = "<group>"; };
		F60AD21727809463000339C1 /* 2751.swift */ = {isa = PBXFileReference; lastKnownFileType = sourcecode.swift; path = 2751.swift; sourceTree = "<group>"; };
		F6116F77277864400080F93F /* 11729.swift */ = {isa = PBXFileReference; lastKnownFileType = sourcecode.swift; path = 11729.swift; sourceTree = "<group>"; };
		F6116F7A27789F420080F93F /* 10828.swift */ = {isa = PBXFileReference; lastKnownFileType = sourcecode.swift; path = 10828.swift; sourceTree = "<group>"; };
		F6116F7D2778CCFE0080F93F /* 2022 Google.swift */ = {isa = PBXFileReference; lastKnownFileType = sourcecode.swift; path = "2022 Google.swift"; sourceTree = "<group>"; };
		F61BADD22789ABB4003C6FBB /* 2667.swift */ = {isa = PBXFileReference; lastKnownFileType = sourcecode.swift; path = 2667.swift; sourceTree = "<group>"; };
		F61BADD42789B2D6003C6FBB /* 7569.swift */ = {isa = PBXFileReference; lastKnownFileType = sourcecode.swift; path = 7569.swift; sourceTree = "<group>"; };
		F61BADD62789B31B003C6FBB /* 7576.swift */ = {isa = PBXFileReference; lastKnownFileType = sourcecode.swift; path = 7576.swift; sourceTree = "<group>"; };
		F61BADD82789B3A8003C6FBB /* 2178.swift */ = {isa = PBXFileReference; lastKnownFileType = sourcecode.swift; path = 2178.swift; sourceTree = "<group>"; };
		F61BADDA2789B40E003C6FBB /* 1697.swift */ = {isa = PBXFileReference; lastKnownFileType = sourcecode.swift; path = 1697.swift; sourceTree = "<group>"; };
		F61BADDC2789B7D8003C6FBB /* 1012.swift */ = {isa = PBXFileReference; lastKnownFileType = sourcecode.swift; path = 1012.swift; sourceTree = "<group>"; };
		F6487442277A531200AB6588 /* 2164.swift */ = {isa = PBXFileReference; lastKnownFileType = sourcecode.swift; path = 2164.swift; sourceTree = "<group>"; };
		F6739EA227906B780028B888 /* 18870.swift */ = {isa = PBXFileReference; lastKnownFileType = sourcecode.swift; path = 18870.swift; sourceTree = "<group>"; };
		F67FB9A52784165F00584710 /* 1427.swift */ = {isa = PBXFileReference; lastKnownFileType = sourcecode.swift; path = 1427.swift; sourceTree = "<group>"; };
		F67FB9A727841A7300584710 /* 11650.swift */ = {isa = PBXFileReference; lastKnownFileType = sourcecode.swift; path = 11650.swift; sourceTree = "<group>"; };
		F67FB9A927841B8100584710 /* 11651.swift */ = {isa = PBXFileReference; lastKnownFileType = sourcecode.swift; path = 11651.swift; sourceTree = "<group>"; };
		F67FB9AB27841D0B00584710 /* 1181.swift */ = {isa = PBXFileReference; lastKnownFileType = sourcecode.swift; path = 1181.swift; sourceTree = "<group>"; };
		F67FB9AD2784B27200584710 /* 2739.swift */ = {isa = PBXFileReference; lastKnownFileType = sourcecode.swift; path = 2739.swift; sourceTree = "<group>"; };
		F67FB9AF2784B47F00584710 /* 10950.swift */ = {isa = PBXFileReference; lastKnownFileType = sourcecode.swift; path = 10950.swift; sourceTree = "<group>"; };
		F67FB9B12784B88600584710 /* 8393.swift */ = {isa = PBXFileReference; lastKnownFileType = sourcecode.swift; path = 8393.swift; sourceTree = "<group>"; };
		F67FB9B32784B99F00584710 /* 15552.swift */ = {isa = PBXFileReference; lastKnownFileType = sourcecode.swift; path = 15552.swift; sourceTree = "<group>"; };
		F67FB9B52784BEB400584710 /* 10814.swift */ = {isa = PBXFileReference; lastKnownFileType = sourcecode.swift; path = 10814.swift; sourceTree = "<group>"; };
		F6A290B62781340200B97DC0 /* Swift_basic.swift */ = {isa = PBXFileReference; lastKnownFileType = sourcecode.swift; path = Swift_basic.swift; sourceTree = "<group>"; };
		F6B9ED882776AC4D00104985 /* 11720.swift */ = {isa = PBXFileReference; lastKnownFileType = sourcecode.swift; path = 11720.swift; sourceTree = "<group>"; };
		F6B9ED8A2776AE0C00104985 /* 2675.swift */ = {isa = PBXFileReference; lastKnownFileType = sourcecode.swift; path = 2675.swift; sourceTree = "<group>"; };
		F6B9ED8C2776BA3100104985 /* 1157.swift */ = {isa = PBXFileReference; lastKnownFileType = sourcecode.swift; path = 1157.swift; sourceTree = "<group>"; };
		F6B9ED8E2776BF0D00104985 /* 2908.swift */ = {isa = PBXFileReference; lastKnownFileType = sourcecode.swift; path = 2908.swift; sourceTree = "<group>"; };
		F6B9ED902776C02500104985 /* 5622.swift */ = {isa = PBXFileReference; lastKnownFileType = sourcecode.swift; path = 5622.swift; sourceTree = "<group>"; };
		F6B9ED922776C19600104985 /* 1316.swift */ = {isa = PBXFileReference; lastKnownFileType = sourcecode.swift; path = 1316.swift; sourceTree = "<group>"; };
		F6B9ED952776CFF800104985 /* 10872.swift */ = {isa = PBXFileReference; lastKnownFileType = sourcecode.swift; path = 10872.swift; sourceTree = "<group>"; };
		F6B9ED972776D34700104985 /* 10870.swift */ = {isa = PBXFileReference; lastKnownFileType = sourcecode.swift; path = 10870.swift; sourceTree = "<group>"; };
		F6D066B5278C0DDA00ED3E54 /* big0.swift */ = {isa = PBXFileReference; lastKnownFileType = sourcecode.swift; path = big0.swift; sourceTree = "<group>"; };
		F6D066B8278C10A700ED3E54 /* Q1.swift */ = {isa = PBXFileReference; lastKnownFileType = sourcecode.swift; path = Q1.swift; sourceTree = "<group>"; };
		F6D066BA278C10B700ED3E54 /* Q2.swift */ = {isa = PBXFileReference; lastKnownFileType = sourcecode.swift; path = Q2.swift; sourceTree = "<group>"; };
		F6D066BC278C16EA00ED3E54 /* Q3.swift */ = {isa = PBXFileReference; lastKnownFileType = sourcecode.swift; path = Q3.swift; sourceTree = "<group>"; };
		F6D066BF278C224400ED3E54 /* Linked List Sample.swift */ = {isa = PBXFileReference; lastKnownFileType = sourcecode.swift; path = "Linked List Sample.swift"; sourceTree = "<group>"; };
		F6D066C1278C22A400ED3E54 /* Q1.swift */ = {isa = PBXFileReference; lastKnownFileType = sourcecode.swift; path = Q1.swift; sourceTree = "<group>"; };
		F6D066C3278C242B00ED3E54 /* Q2.swift */ = {isa = PBXFileReference; lastKnownFileType = sourcecode.swift; path = Q2.swift; sourceTree = "<group>"; };
		F6E0CC20278607CD001BA783 /* 10816.swift */ = {isa = PBXFileReference; lastKnownFileType = sourcecode.swift; path = 10816.swift; sourceTree = "<group>"; };
		F6E0CC2227862215001BA783 /* 1654.swift */ = {isa = PBXFileReference; lastKnownFileType = sourcecode.swift; path = 1654.swift; sourceTree = "<group>"; };
		F6E0CC2427862D7B001BA783 /* 2805.swift */ = {isa = PBXFileReference; lastKnownFileType = sourcecode.swift; path = 2805.swift; sourceTree = "<group>"; };
		F6E0F96027746AE600CD29B7 /* main.swift */ = {isa = PBXFileReference; lastKnownFileType = sourcecode.swift; path = main.swift; sourceTree = "<group>"; };
		F6E0F96227746CF100CD29B7 /* 2439.swift */ = {isa = PBXFileReference; lastKnownFileType = sourcecode.swift; path = 2439.swift; sourceTree = "<group>"; };
		F6E0F96527747CE800CD29B7 /* 10952.swift */ = {isa = PBXFileReference; lastKnownFileType = sourcecode.swift; path = 10952.swift; sourceTree = "<group>"; };
		F6E0F96727747D9A00CD29B7 /* 10951.swift */ = {isa = PBXFileReference; lastKnownFileType = sourcecode.swift; path = 10951.swift; sourceTree = "<group>"; };
		F6E0F96A2774945300CD29B7 /* 10818.swift */ = {isa = PBXFileReference; lastKnownFileType = sourcecode.swift; path = 10818.swift; sourceTree = "<group>"; };
		F6E0F96C2774972D00CD29B7 /* 2562.swift */ = {isa = PBXFileReference; lastKnownFileType = sourcecode.swift; path = 2562.swift; sourceTree = "<group>"; };
		F6E0F96E27749D8800CD29B7 /* 3052.swift */ = {isa = PBXFileReference; lastKnownFileType = sourcecode.swift; path = 3052.swift; sourceTree = "<group>"; };
		F6E0F9702774AFA300CD29B7 /* 8958.swift */ = {isa = PBXFileReference; lastKnownFileType = sourcecode.swift; path = 8958.swift; sourceTree = "<group>"; };
		F6EA1E7A27883BA000BB8070 /* 2606.swift */ = {isa = PBXFileReference; lastKnownFileType = sourcecode.swift; path = 2606.swift; sourceTree = "<group>"; };
		F6EAE0772772CD8900D51C56 /* Swift_알고리즘 */ = {isa = PBXFileReference; explicitFileType = "compiled.mach-o.executable"; includeInIndex = 0; path = "Swift_알고리즘"; sourceTree = BUILT_PRODUCTS_DIR; };
		F6EAE07A2772CD8900D51C56 /* 2438.swift */ = {isa = PBXFileReference; lastKnownFileType = sourcecode.swift; path = 2438.swift; sourceTree = "<group>"; };
		F6EAE0842772D02F00D51C56 /* 1330.swift */ = {isa = PBXFileReference; lastKnownFileType = sourcecode.swift; path = 1330.swift; sourceTree = "<group>"; };
		F6EAE0862772D23800D51C56 /* 9498.swift */ = {isa = PBXFileReference; lastKnownFileType = sourcecode.swift; path = 9498.swift; sourceTree = "<group>"; };
		F6EAE0882772D35800D51C56 /* 2753.swift */ = {isa = PBXFileReference; lastKnownFileType = sourcecode.swift; path = 2753.swift; sourceTree = "<group>"; };
		F6EAE08B2772D52800D51C56 /* 2741.swift */ = {isa = PBXFileReference; lastKnownFileType = sourcecode.swift; path = 2741.swift; sourceTree = "<group>"; };
		F6EAE08D2772D6F100D51C56 /* 11021.swift */ = {isa = PBXFileReference; lastKnownFileType = sourcecode.swift; path = 11021.swift; sourceTree = "<group>"; };
		F6F7AD5927870EAB00DCC046 /* 1260.swift */ = {isa = PBXFileReference; lastKnownFileType = sourcecode.swift; path = 1260.swift; sourceTree = "<group>"; };
/* End PBXFileReference section */

/* Begin PBXFrameworksBuildPhase section */
		F6EAE0742772CD8900D51C56 /* Frameworks */ = {
			isa = PBXFrameworksBuildPhase;
			buildActionMask = 2147483647;
			files = (
			);
			runOnlyForDeploymentPostprocessing = 0;
		};
/* End PBXFrameworksBuildPhase section */

/* Begin PBXGroup section */
		F603C7B42779B3D1007370E3 /* 큐,덱 */ = {
			isa = PBXGroup;
			children = (
				F603C7B52779BAA1007370E3 /* 18258.swift */,
				F6487442277A531200AB6588 /* 2164.swift */,
			);
			name = "큐,덱";
			path = "뮤,덱";
			sourceTree = "<group>";
		};
		F605F6EF278589DD0002F6D1 /* 이진트리 */ = {
			isa = PBXGroup;
			children = (
				F605F6F0278589EC0002F6D1 /* 1920.swift */,
				F6E0CC20278607CD001BA783 /* 10816.swift */,
				F6E0CC2227862215001BA783 /* 1654.swift */,
				F6E0CC2427862D7B001BA783 /* 2805.swift */,
			);
			name = "이진트리";
			path = "이진트리";
			sourceTree = "<group>";
		};
		F60AD21227808534000339C1 /* 정렬 */ = {
			isa = PBXGroup;
			children = (
				F60AD2132780854C000339C1 /* 2750.swift */,
				F60AD21527809440000339C1 /* 2108.swift */,
				F60AD21727809463000339C1 /* 2751.swift */,
				F67FB9A52784165F00584710 /* 1427.swift */,
				F67FB9A727841A7300584710 /* 11650.swift */,
				F67FB9A927841B8100584710 /* 11651.swift */,
				F67FB9AB27841D0B00584710 /* 1181.swift */,
				F67FB9B52784BEB400584710 /* 10814.swift */,
				F6739EA227906B780028B888 /* 18870.swift */,
			);
			name = "정렬";
			path = "정렬";
			sourceTree = "<group>";
		};
		F6116F79277865670080F93F /* 스택 */ = {
			isa = PBXGroup;
			children = (
				F6116F7A27789F420080F93F /* 10828.swift */,
				F603C7AE27793EF6007370E3 /* 10773.swift */,
				F603C7B027796D2B007370E3 /* 9012.swift */,
				F603C7B22779B39D007370E3 /* 1874.swift */,
			);
			name = "스택";
			path = "스택";
			sourceTree = "<group>";
		};
		F6116F7C2778CCE30080F93F /* google ios interview */ = {
			isa = PBXGroup;
			children = (
				F6116F7D2778CCFE0080F93F /* 2022 Google.swift */,
			);
			path = "google ios interview";
			sourceTree = "<group>";
		};
		F62EA02F2796CC160096FE8E /* DFS_BFS */ = {
			isa = PBXGroup;
			children = (
			);
			path = DFS_BFS;
			sourceTree = "<group>";
		};
		F6A290B5278133CC00B97DC0 /* Swift 정리 */ = {
			isa = PBXGroup;
			children = (
				F6A290B62781340200B97DC0 /* Swift_basic.swift */,
			);
			name = "Swift 정리";
			path = "Swift 정리";
			sourceTree = "<group>";
		};
		F6B9ED942776C32A00104985 /* 재귀 */ = {
			isa = PBXGroup;
			children = (
				F6B9ED952776CFF800104985 /* 10872.swift */,
				F6B9ED972776D34700104985 /* 10870.swift */,
				F6116F77277864400080F93F /* 11729.swift */,
			);
			name = "재귀";
			path = "재귀";
			sourceTree = "<group>";
		};
		F6D066B3278C0C0B00ED3E54 /* Swift_Base */ = {
			isa = PBXGroup;
			children = (
				F62EA02F2796CC160096FE8E /* DFS_BFS */,
				F6F830E72792B51D00505ADC /* Stack_Queue */,
				F6D066B4278C0C6200ED3E54 /* Big0 */,
				F6D066B7278C0DF100ED3E54 /* Array */,
				F6D066BE278C1A8400ED3E54 /* Linked list */,
			);
			path = Swift_Base;
			sourceTree = "<group>";
		};
		F6D066B4278C0C6200ED3E54 /* Big0 */ = {
			isa = PBXGroup;
			children = (
				F6D066B5278C0DDA00ED3E54 /* big0.swift */,
			);
			path = Big0;
			sourceTree = "<group>";
		};
		F6D066B7278C0DF100ED3E54 /* Array */ = {
			isa = PBXGroup;
			children = (
				F6D066B8278C10A700ED3E54 /* Q1.swift */,
				F6D066BA278C10B700ED3E54 /* Q2.swift */,
				F6D066BC278C16EA00ED3E54 /* Q3.swift */,
			);
			path = Array;
			sourceTree = "<group>";
		};
		F6D066BE278C1A8400ED3E54 /* Linked list */ = {
			isa = PBXGroup;
			children = (
				F6D066BF278C224400ED3E54 /* Linked List Sample.swift */,
				F6D066C1278C22A400ED3E54 /* Q1.swift */,
				F6D066C3278C242B00ED3E54 /* Q2.swift */,
			);
			path = "Linked list";
			sourceTree = "<group>";
		};
		F6E0F96427747CBD00CD29B7 /* While문 */ = {
			isa = PBXGroup;
			children = (
				F6E0F96527747CE800CD29B7 /* 10952.swift */,
				F6E0F96727747D9A00CD29B7 /* 10951.swift */,
			);
			name = "While문";
			path = "While문";
			sourceTree = "<group>";
		};
		F6E0F96927748F3800CD29B7 /* 배열 */ = {
			isa = PBXGroup;
			children = (
				F6E0F96A2774945300CD29B7 /* 10818.swift */,
				F6E0F96C2774972D00CD29B7 /* 2562.swift */,
				F6E0F96E27749D8800CD29B7 /* 3052.swift */,
				F6E0F9702774AFA300CD29B7 /* 8958.swift */,
			);
			name = "배열";
			path = "배열";
			sourceTree = "<group>";
		};
		F6E0F9722774AFF400CD29B7 /* 문자열 */ = {
			isa = PBXGroup;
			children = (
				F6B9ED882776AC4D00104985 /* 11720.swift */,
				F6B9ED8A2776AE0C00104985 /* 2675.swift */,
				F6B9ED8C2776BA3100104985 /* 1157.swift */,
				F6B9ED8E2776BF0D00104985 /* 2908.swift */,
				F6B9ED902776C02500104985 /* 5622.swift */,
				F6B9ED922776C19600104985 /* 1316.swift */,
			);
			name = "문자열";
			path = "문자열";
			sourceTree = "<group>";
		};
		F6EAE06E2772CD8900D51C56 = {
			isa = PBXGroup;
			children = (
				F6EAE0792772CD8900D51C56 /* Swift_알고리즘 */,
				F6EAE0782772CD8900D51C56 /* Products */,
			);
			sourceTree = "<group>";
		};
		F6EAE0782772CD8900D51C56 /* Products */ = {
			isa = PBXGroup;
			children = (
				F6EAE0772772CD8900D51C56 /* Swift_알고리즘 */,
			);
			name = Products;
			sourceTree = "<group>";
		};
		F6EAE0792772CD8900D51C56 /* Swift_알고리즘 */ = {
			isa = PBXGroup;
			children = (
				F6D066B3278C0C0B00ED3E54 /* Swift_Base */,
				F6F7AD5827870A3000DCC046 /* DFS,BFS */,
				F6116F7C2778CCE30080F93F /* google ios interview */,
				F605F6EF278589DD0002F6D1 /* 이진트리 */,
				F6A290B5278133CC00B97DC0 /* Swift 정리 */,
				F60AD21227808534000339C1 /* 정렬 */,
				F603C7B42779B3D1007370E3 /* 큐,덱 */,
				F6116F79277865670080F93F /* 스택 */,
				F6B9ED942776C32A00104985 /* 재귀 */,
				F6E0F9722774AFF400CD29B7 /* 문자열 */,
				F6E0F96927748F3800CD29B7 /* 배열 */,
				F6E0F96427747CBD00CD29B7 /* While문 */,
				F6EAE08A2772D44C00D51C56 /* 반복문 */,
				F6EAE0832772D02100D51C56 /* If문 */,
				F6E0F96027746AE600CD29B7 /* main.swift */,
			);
			path = "Swift_알고리즘";
			sourceTree = "<group>";
		};
		F6EAE0832772D02100D51C56 /* If문 */ = {
			isa = PBXGroup;
			children = (
				F6EAE0842772D02F00D51C56 /* 1330.swift */,
				F6EAE0862772D23800D51C56 /* 9498.swift */,
				F6EAE0882772D35800D51C56 /* 2753.swift */,
			);
			name = "If문";
			path = "If문";
			sourceTree = "<group>";
		};
		F6EAE08A2772D44C00D51C56 /* 반복문 */ = {
			isa = PBXGroup;
			children = (
				F6EAE07A2772CD8900D51C56 /* 2438.swift */,
				F6EAE08B2772D52800D51C56 /* 2741.swift */,
				F6EAE08D2772D6F100D51C56 /* 11021.swift */,
				F6E0F96227746CF100CD29B7 /* 2439.swift */,
				F67FB9AD2784B27200584710 /* 2739.swift */,
				F67FB9AF2784B47F00584710 /* 10950.swift */,
				F67FB9B12784B88600584710 /* 8393.swift */,
				F67FB9B32784B99F00584710 /* 15552.swift */,
			);
			name = "반복문";
			path = "For문";
			sourceTree = "<group>";
		};
		F6F7AD5827870A3000DCC046 /* DFS,BFS */ = {
			isa = PBXGroup;
			children = (
				F6F7AD5927870EAB00DCC046 /* 1260.swift */,
				F6EA1E7A27883BA000BB8070 /* 2606.swift */,
				F61BADD22789ABB4003C6FBB /* 2667.swift */,
				F61BADD42789B2D6003C6FBB /* 7569.swift */,
				F61BADD62789B31B003C6FBB /* 7576.swift */,
				F61BADD82789B3A8003C6FBB /* 2178.swift */,
				F61BADDA2789B40E003C6FBB /* 1697.swift */,
				F61BADDC2789B7D8003C6FBB /* 1012.swift */,
			);
			path = "DFS,BFS";
			sourceTree = "<group>";
		};
		F6F830E72792B51D00505ADC /* Stack_Queue */ = {
			isa = PBXGroup;
			children = (
			);
			path = Stack_Queue;
			sourceTree = "<group>";
		};
/* End PBXGroup section */

/* Begin PBXNativeTarget section */
		F6EAE0762772CD8900D51C56 /* Swift_알고리즘 */ = {
			isa = PBXNativeTarget;
			buildConfigurationList = F6EAE07E2772CD8900D51C56 /* Build configuration list for PBXNativeTarget "Swift_알고리즘" */;
			buildPhases = (
				F6EAE0732772CD8900D51C56 /* Sources */,
				F6EAE0742772CD8900D51C56 /* Frameworks */,
				F6EAE0752772CD8900D51C56 /* CopyFiles */,
			);
			buildRules = (
			);
			dependencies = (
			);
			name = "Swift_알고리즘";
			productName = "Swift_알고리즘";
			productReference = F6EAE0772772CD8900D51C56 /* Swift_알고리즘 */;
			productType = "com.apple.product-type.tool";
		};
/* End PBXNativeTarget section */

/* Begin PBXProject section */
		F6EAE06F2772CD8900D51C56 /* Project object */ = {
			isa = PBXProject;
			attributes = {
				BuildIndependentTargetsInParallel = 1;
				LastSwiftUpdateCheck = 1300;
				LastUpgradeCheck = 1300;
				TargetAttributes = {
					F6EAE0762772CD8900D51C56 = {
						CreatedOnToolsVersion = 13.0;
					};
				};
			};
			buildConfigurationList = F6EAE0722772CD8900D51C56 /* Build configuration list for PBXProject "Swift_알고리즘" */;
			compatibilityVersion = "Xcode 13.0";
			developmentRegion = en;
			hasScannedForEncodings = 0;
			knownRegions = (
				en,
				Base,
			);
			mainGroup = F6EAE06E2772CD8900D51C56;
			productRefGroup = F6EAE0782772CD8900D51C56 /* Products */;
			projectDirPath = "";
			projectRoot = "";
			targets = (
				F6EAE0762772CD8900D51C56 /* Swift_알고리즘 */,
			);
		};
/* End PBXProject section */

/* Begin PBXSourcesBuildPhase section */
		F6EAE0732772CD8900D51C56 /* Sources */ = {
			isa = PBXSourcesBuildPhase;
			buildActionMask = 2147483647;
			files = (
				F6E0F96127746AE600CD29B7 /* main.swift in Sources */,
			);
			runOnlyForDeploymentPostprocessing = 0;
		};
/* End PBXSourcesBuildPhase section */

/* Begin XCBuildConfiguration section */
		F6EAE07C2772CD8900D51C56 /* Debug */ = {
			isa = XCBuildConfiguration;
			buildSettings = {
				ALWAYS_SEARCH_USER_PATHS = NO;
				CLANG_ANALYZER_NONNULL = YES;
				CLANG_ANALYZER_NUMBER_OBJECT_CONVERSION = YES_AGGRESSIVE;
				CLANG_CXX_LANGUAGE_STANDARD = "gnu++17";
				CLANG_CXX_LIBRARY = "libc++";
				CLANG_ENABLE_MODULES = YES;
				CLANG_ENABLE_OBJC_ARC = YES;
				CLANG_ENABLE_OBJC_WEAK = YES;
				CLANG_WARN_BLOCK_CAPTURE_AUTORELEASING = YES;
				CLANG_WARN_BOOL_CONVERSION = YES;
				CLANG_WARN_COMMA = YES;
				CLANG_WARN_CONSTANT_CONVERSION = YES;
				CLANG_WARN_DEPRECATED_OBJC_IMPLEMENTATIONS = YES;
				CLANG_WARN_DIRECT_OBJC_ISA_USAGE = YES_ERROR;
				CLANG_WARN_DOCUMENTATION_COMMENTS = YES;
				CLANG_WARN_EMPTY_BODY = YES;
				CLANG_WARN_ENUM_CONVERSION = YES;
				CLANG_WARN_INFINITE_RECURSION = YES;
				CLANG_WARN_INT_CONVERSION = YES;
				CLANG_WARN_NON_LITERAL_NULL_CONVERSION = YES;
				CLANG_WARN_OBJC_IMPLICIT_RETAIN_SELF = YES;
				CLANG_WARN_OBJC_LITERAL_CONVERSION = YES;
				CLANG_WARN_OBJC_ROOT_CLASS = YES_ERROR;
				CLANG_WARN_QUOTED_INCLUDE_IN_FRAMEWORK_HEADER = YES;
				CLANG_WARN_RANGE_LOOP_ANALYSIS = YES;
				CLANG_WARN_STRICT_PROTOTYPES = YES;
				CLANG_WARN_SUSPICIOUS_MOVE = YES;
				CLANG_WARN_UNGUARDED_AVAILABILITY = YES_AGGRESSIVE;
				CLANG_WARN_UNREACHABLE_CODE = YES;
				CLANG_WARN__DUPLICATE_METHOD_MATCH = YES;
				COPY_PHASE_STRIP = NO;
				DEBUG_INFORMATION_FORMAT = dwarf;
				ENABLE_STRICT_OBJC_MSGSEND = YES;
				ENABLE_TESTABILITY = YES;
				GCC_C_LANGUAGE_STANDARD = gnu11;
				GCC_DYNAMIC_NO_PIC = NO;
				GCC_NO_COMMON_BLOCKS = YES;
				GCC_OPTIMIZATION_LEVEL = 0;
				GCC_PREPROCESSOR_DEFINITIONS = (
					"DEBUG=1",
					"$(inherited)",
				);
				GCC_WARN_64_TO_32_BIT_CONVERSION = YES;
				GCC_WARN_ABOUT_RETURN_TYPE = YES_ERROR;
				GCC_WARN_UNDECLARED_SELECTOR = YES;
				GCC_WARN_UNINITIALIZED_AUTOS = YES_AGGRESSIVE;
				GCC_WARN_UNUSED_FUNCTION = YES;
				GCC_WARN_UNUSED_VARIABLE = YES;
				MACOSX_DEPLOYMENT_TARGET = 11.3;
				MTL_ENABLE_DEBUG_INFO = INCLUDE_SOURCE;
				MTL_FAST_MATH = YES;
				ONLY_ACTIVE_ARCH = YES;
				SDKROOT = macosx;
				SWIFT_ACTIVE_COMPILATION_CONDITIONS = DEBUG;
				SWIFT_OPTIMIZATION_LEVEL = "-Onone";
			};
			name = Debug;
		};
		F6EAE07D2772CD8900D51C56 /* Release */ = {
			isa = XCBuildConfiguration;
			buildSettings = {
				ALWAYS_SEARCH_USER_PATHS = NO;
				CLANG_ANALYZER_NONNULL = YES;
				CLANG_ANALYZER_NUMBER_OBJECT_CONVERSION = YES_AGGRESSIVE;
				CLANG_CXX_LANGUAGE_STANDARD = "gnu++17";
				CLANG_CXX_LIBRARY = "libc++";
				CLANG_ENABLE_MODULES = YES;
				CLANG_ENABLE_OBJC_ARC = YES;
				CLANG_ENABLE_OBJC_WEAK = YES;
				CLANG_WARN_BLOCK_CAPTURE_AUTORELEASING = YES;
				CLANG_WARN_BOOL_CONVERSION = YES;
				CLANG_WARN_COMMA = YES;
				CLANG_WARN_CONSTANT_CONVERSION = YES;
				CLANG_WARN_DEPRECATED_OBJC_IMPLEMENTATIONS = YES;
				CLANG_WARN_DIRECT_OBJC_ISA_USAGE = YES_ERROR;
				CLANG_WARN_DOCUMENTATION_COMMENTS = YES;
				CLANG_WARN_EMPTY_BODY = YES;
				CLANG_WARN_ENUM_CONVERSION = YES;
				CLANG_WARN_INFINITE_RECURSION = YES;
				CLANG_WARN_INT_CONVERSION = YES;
				CLANG_WARN_NON_LITERAL_NULL_CONVERSION = YES;
				CLANG_WARN_OBJC_IMPLICIT_RETAIN_SELF = YES;
				CLANG_WARN_OBJC_LITERAL_CONVERSION = YES;
				CLANG_WARN_OBJC_ROOT_CLASS = YES_ERROR;
				CLANG_WARN_QUOTED_INCLUDE_IN_FRAMEWORK_HEADER = YES;
				CLANG_WARN_RANGE_LOOP_ANALYSIS = YES;
				CLANG_WARN_STRICT_PROTOTYPES = YES;
				CLANG_WARN_SUSPICIOUS_MOVE = YES;
				CLANG_WARN_UNGUARDED_AVAILABILITY = YES_AGGRESSIVE;
				CLANG_WARN_UNREACHABLE_CODE = YES;
				CLANG_WARN__DUPLICATE_METHOD_MATCH = YES;
				COPY_PHASE_STRIP = NO;
				DEBUG_INFORMATION_FORMAT = "dwarf-with-dsym";
				ENABLE_NS_ASSERTIONS = NO;
				ENABLE_STRICT_OBJC_MSGSEND = YES;
				GCC_C_LANGUAGE_STANDARD = gnu11;
				GCC_NO_COMMON_BLOCKS = YES;
				GCC_WARN_64_TO_32_BIT_CONVERSION = YES;
				GCC_WARN_ABOUT_RETURN_TYPE = YES_ERROR;
				GCC_WARN_UNDECLARED_SELECTOR = YES;
				GCC_WARN_UNINITIALIZED_AUTOS = YES_AGGRESSIVE;
				GCC_WARN_UNUSED_FUNCTION = YES;
				GCC_WARN_UNUSED_VARIABLE = YES;
				MACOSX_DEPLOYMENT_TARGET = 11.3;
				MTL_ENABLE_DEBUG_INFO = NO;
				MTL_FAST_MATH = YES;
				SDKROOT = macosx;
				SWIFT_COMPILATION_MODE = wholemodule;
				SWIFT_OPTIMIZATION_LEVEL = "-O";
			};
			name = Release;
		};
		F6EAE07F2772CD8900D51C56 /* Debug */ = {
			isa = XCBuildConfiguration;
			buildSettings = {
				CODE_SIGN_STYLE = Automatic;
				DEVELOPMENT_TEAM = 826S2MP53C;
				ENABLE_HARDENED_RUNTIME = YES;
				PRODUCT_NAME = "$(TARGET_NAME)";
				SWIFT_VERSION = 5.0;
			};
			name = Debug;
		};
		F6EAE0802772CD8900D51C56 /* Release */ = {
			isa = XCBuildConfiguration;
			buildSettings = {
				CODE_SIGN_STYLE = Automatic;
				DEVELOPMENT_TEAM = 826S2MP53C;
				ENABLE_HARDENED_RUNTIME = YES;
				PRODUCT_NAME = "$(TARGET_NAME)";
				SWIFT_VERSION = 5.0;
			};
			name = Release;
		};
/* End XCBuildConfiguration section */

/* Begin XCConfigurationList section */
		F6EAE0722772CD8900D51C56 /* Build configuration list for PBXProject "Swift_알고리즘" */ = {
			isa = XCConfigurationList;
			buildConfigurations = (
				F6EAE07C2772CD8900D51C56 /* Debug */,
				F6EAE07D2772CD8900D51C56 /* Release */,
			);
			defaultConfigurationIsVisible = 0;
			defaultConfigurationName = Release;
		};
		F6EAE07E2772CD8900D51C56 /* Build configuration list for PBXNativeTarget "Swift_알고리즘" */ = {
			isa = XCConfigurationList;
			buildConfigurations = (
				F6EAE07F2772CD8900D51C56 /* Debug */,
				F6EAE0802772CD8900D51C56 /* Release */,
			);
			defaultConfigurationIsVisible = 0;
			defaultConfigurationName = Release;
		};
/* End XCConfigurationList section */
	};
	rootObject = F6EAE06F2772CD8900D51C56 /* Project object */;
}
